{
  "dependencies": {
    "mailparser": {
      "version": "0.5.1",
      "resolved": "https://registry.npmjs.org/mailparser/-/mailparser-0.5.1.tgz",
      "from": "mailparser@0.5.1",
      "dependencies": {
        "encoding": {
          "version": "0.1.12",
          "resolved": "https://registry.npmjs.org/encoding/-/encoding-0.1.12.tgz",
          "from": "encoding@0.1.12",
          "dependencies": {
            "iconv-lite": {
              "version": "0.4.13",
              "resolved": "https://registry.npmjs.org/iconv-lite/-/iconv-lite-0.4.13.tgz",
              "from": "iconv-lite@0.4.13"
            }
          }
        },
        "mime": {
          "version": "1.3.4",
          "resolved": "https://registry.npmjs.org/mime/-/mime-1.3.4.tgz",
          "from": "mime@1.3.4"
        },
        "mimelib": {
          "version": "0.2.19",
          "resolved": "https://registry.npmjs.org/mimelib/-/mimelib-0.2.19.tgz",
          "from": "mimelib@0.2.19",
          "dependencies": {
            "addressparser": {
              "version": "0.3.2",
              "resolved": "https://registry.npmjs.org/addressparser/-/addressparser-0.3.2.tgz",
              "from": "addressparser@0.3.2"
            }
          }
        },
        "uue": {
          "version": "2.1.1",
          "resolved": "https://registry.npmjs.org/uue/-/uue-2.1.1.tgz",
          "from": "uue@2.1.1",
          "dependencies": {
            "array.prototype.findindex": {
              "version": "1.0.0",
              "resolved": "https://registry.npmjs.org/array.prototype.findindex/-/array.prototype.findindex-1.0.0.tgz",
              "from": "array.prototype.findindex@1.0.0"
            },
            "extend": {
              "version": "3.0.0",
              "resolved": "https://registry.npmjs.org/extend/-/extend-3.0.0.tgz",
              "from": "extend@3.0.0"
            }
          }
        }
      }
    }
  }
}
